<Solution>
  <Project Path="FPS.Composition.csproj" />
  <Project Path="FPS.PlayModeTests.csproj" />
  <Project Path="Assembly-CSharp.csproj" />
  <Project Path="FPS.Inventory.csproj" />
  <Project Path="FPS.ArchitectureTests.csproj" />
  <Project Path="FPS.Combat.csproj" />
  <Project Path="FPS.SaveGame.csproj" />
  <Project Path="FPS.AI.csproj" />
  <Project Path="Assembly-CSharp-Editor.csproj" />
  <Project Path="FPS.GameplayEffects.csproj" />
  <Project Path="FPS.Core.csproj" />
  <Project Path="FPS.Determinism.csproj" />
  <Project Path="FPS.ContentValidation.Editor.csproj" />
  <Project Path="FPS.ContentValidation.Tests.csproj" />
  <Project Path="FPS.UI.csproj" />
</Solution>
